
Microsoft Visual Studio Solution File, Format Version 12.00
# Visual Studio Version 17
VisualStudioVersion = 17.0.31903.59
MinimumVisualStudioVersion = 10.0.40219.1
Project("{2150E333-8FDC-42A3-9474-1A3956D46DE8}") = "src", "src", "{F649A202-7528-49CA-B482-EE2820876E78}"
EndProject
Project("{2150E333-8FDC-42A3-9474-1A3956D46DE8}") = "BuildingBlocks", "BuildingBlocks", "{D36373BF-83A7-4126-9AC5-CC094469C34C}"
EndProject
Project("{FAE04EC0-301F-11D3-BF4B-00C04F79EFBC}") = "BuildingBlocks.Domain", "src\BuildingBlocks\BuildingBlocks.Domain\BuildingBlocks.Domain.csproj", "{3DC82FA1-BF6E-41AC-A5A1-83A56331D4F6}"
EndProject
Project("{2150E333-8FDC-42A3-9474-1A3956D46DE8}") = "Modules", "Modules", "{8B889051-CD63-46B0-9C68-247431426EB3}"
EndProject
Project("{2150E333-8FDC-42A3-9474-1A3956D46DE8}") = "Product", "Product", "{FF661AAE-D658-4968-B249-6902499EFEE6}"
EndProject
Project("{FAE04EC0-301F-11D3-BF4B-00C04F79EFBC}") = "Product.Domain", "src\Modules\Product\Product.Domain\Product.Domain.csproj", "{0491A500-3C71-42F0-96DE-62D548DC00F1}"
EndProject
Project("{FAE04EC0-301F-11D3-BF4B-00C04F79EFBC}") = "Product.Application", "src\Modules\Product\Product.Application\Product.Application.csproj", "{FF464341-94C7-412F-873B-A36EE5ED979E}"
EndProject
Project("{FAE04EC0-301F-11D3-BF4B-00C04F79EFBC}") = "Product.Infrastructure", "src\Modules\Product\Product.Infrastructure\Product.Infrastructure.csproj", "{EC8F1889-3F8D-49BC-983B-BB4D08992B78}"
EndProject
Project("{FAE04EC0-301F-11D3-BF4B-00C04F79EFBC}") = "Product.API", "src\Modules\Product\Product.API\Product.API.csproj", "{FB9298FB-FD7C-4A4B-B815-F25227642326}"
EndProject
Project("{2150E333-8FDC-42A3-9474-1A3956D46DE8}") = "tests", "tests", "{C298AF5B-580B-47F5-B49B-6E2AE9041689}"
EndProject
Project("{FAE04EC0-301F-11D3-BF4B-00C04F79EFBC}") = "Product.Domain.UnitTests", "tests\Product.Domain.UnitTests\Product.Domain.UnitTests.csproj", "{837BAD0E-0C16-42D0-94AA-D6F9144A8C22}"
EndProject
Project("{FAE04EC0-301F-11D3-BF4B-00C04F79EFBC}") = "Product.Application.UnitTests", "tests\Product.Application.UnitTests\Product.Application.UnitTests.csproj", "{D55CC184-5078-40F6-8C29-E73A5364A98C}"
EndProject
Project("{FAE04EC0-301F-11D3-BF4B-00C04F79EFBC}") = "Product.API.IntegrationTests", "tests\Product.API.IntegrationTests\Product.API.IntegrationTests.csproj", "{858C6AAD-4A29-46BC-A57D-8600043ADEF0}"
EndProject
Global
	GlobalSection(SolutionConfigurationPlatforms) = preSolution
		Debug|Any CPU = Debug|Any CPU
		Release|Any CPU = Release|Any CPU
	EndGlobalSection
	GlobalSection(SolutionProperties) = preSolution
		HideSolutionNode = FALSE
	EndGlobalSection
	GlobalSection(ProjectConfigurationPlatforms) = postSolution
		{3DC82FA1-BF6E-41AC-A5A1-83A56331D4F6}.Debug|Any CPU.ActiveCfg = Debug|Any CPU
		{3DC82FA1-BF6E-41AC-A5A1-83A56331D4F6}.Debug|Any CPU.Build.0 = Debug|Any CPU
		{3DC82FA1-BF6E-41AC-A5A1-83A56331D4F6}.Release|Any CPU.ActiveCfg = Release|Any CPU
		{3DC82FA1-BF6E-41AC-A5A1-83A56331D4F6}.Release|Any CPU.Build.0 = Release|Any CPU
		{0491A500-3C71-42F0-96DE-62D548DC00F1}.Debug|Any CPU.ActiveCfg = Debug|Any CPU
		{0491A500-3C71-42F0-96DE-62D548DC00F1}.Debug|Any CPU.Build.0 = Debug|Any CPU
		{0491A500-3C71-42F0-96DE-62D548DC00F1}.Release|Any CPU.ActiveCfg = Release|Any CPU
		{0491A500-3C71-42F0-96DE-62D548DC00F1}.Release|Any CPU.Build.0 = Release|Any CPU
		{FF464341-94C7-412F-873B-A36EE5ED979E}.Debug|Any CPU.ActiveCfg = Debug|Any CPU
		{FF464341-94C7-412F-873B-A36EE5ED979E}.Debug|Any CPU.Build.0 = Debug|Any CPU
		{FF464341-94C7-412F-873B-A36EE5ED979E}.Release|Any CPU.ActiveCfg = Release|Any CPU
		{FF464341-94C7-412F-873B-A36EE5ED979E}.Release|Any CPU.Build.0 = Release|Any CPU
		{EC8F1889-3F8D-49BC-983B-BB4D08992B78}.Debug|Any CPU.ActiveCfg = Debug|Any CPU
		{EC8F1889-3F8D-49BC-983B-BB4D08992B78}.Debug|Any CPU.Build.0 = Debug|Any CPU
		{EC8F1889-3F8D-49BC-983B-BB4D08992B78}.Release|Any CPU.ActiveCfg = Release|Any CPU
		{EC8F1889-3F8D-49BC-983B-BB4D08992B78}.Release|Any CPU.Build.0 = Release|Any CPU
		{FB9298FB-FD7C-4A4B-B815-F25227642326}.Debug|Any CPU.ActiveCfg = Debug|Any CPU
		{FB9298FB-FD7C-4A4B-B815-F25227642326}.Debug|Any CPU.Build.0 = Debug|Any CPU
		{FB9298FB-FD7C-4A4B-B815-F25227642326}.Release|Any CPU.ActiveCfg = Release|Any CPU
		{FB9298FB-FD7C-4A4B-B815-F25227642326}.Release|Any CPU.Build.0 = Release|Any CPU
		{837BAD0E-0C16-42D0-94AA-D6F9144A8C22}.Debug|Any CPU.ActiveCfg = Debug|Any CPU
		{837BAD0E-0C16-42D0-94AA-D6F9144A8C22}.Debug|Any CPU.Build.0 = Debug|Any CPU
		{837BAD0E-0C16-42D0-94AA-D6F9144A8C22}.Release|Any CPU.ActiveCfg = Release|Any CPU
		{837BAD0E-0C16-42D0-94AA-D6F9144A8C22}.Release|Any CPU.Build.0 = Release|Any CPU
		{D55CC184-5078-40F6-8C29-E73A5364A98C}.Debug|Any CPU.ActiveCfg = Debug|Any CPU
		{D55CC184-5078-40F6-8C29-E73A5364A98C}.Debug|Any CPU.Build.0 = Debug|Any CPU
		{D55CC184-5078-40F6-8C29-E73A5364A98C}.Release|Any CPU.ActiveCfg = Release|Any CPU
		{D55CC184-5078-40F6-8C29-E73A5364A98C}.Release|Any CPU.Build.0 = Release|Any CPU
		{858C6AAD-4A29-46BC-A57D-8600043ADEF0}.Debug|Any CPU.ActiveCfg = Debug|Any CPU
		{858C6AAD-4A29-46BC-A57D-8600043ADEF0}.Debug|Any CPU.Build.0 = Debug|Any CPU
		{858C6AAD-4A29-46BC-A57D-8600043ADEF0}.Release|Any CPU.ActiveCfg = Release|Any CPU
		{858C6AAD-4A29-46BC-A57D-8600043ADEF0}.Release|Any CPU.Build.0 = Release|Any CPU
	EndGlobalSection
	GlobalSection(NestedProjects) = preSolution
		{D36373BF-83A7-4126-9AC5-CC094469C34C} = {F649A202-7528-49CA-B482-EE2820876E78}
		{3DC82FA1-BF6E-41AC-A5A1-83A56331D4F6} = {D36373BF-83A7-4126-9AC5-CC094469C34C}
		{8B889051-CD63-46B0-9C68-247431426EB3} = {F649A202-7528-49CA-B482-EE2820876E78}
		{FF661AAE-D658-4968-B249-6902499EFEE6} = {8B889051-CD63-46B0-9C68-247431426EB3}
		{0491A500-3C71-42F0-96DE-62D548DC00F1} = {FF661AAE-D658-4968-B249-6902499EFEE6}
		{FF464341-94C7-412F-873B-A36EE5ED979E} = {FF661AAE-D658-4968-B249-6902499EFEE6}
		{EC8F1889-3F8D-49BC-983B-BB4D08992B78} = {FF661AAE-D658-4968-B249-6902499EFEE6}
		{FB9298FB-FD7C-4A4B-B815-F25227642326} = {FF661AAE-D658-4968-B249-6902499EFEE6}
		{837BAD0E-0C16-42D0-94AA-D6F9144A8C22} = {C298AF5B-580B-47F5-B49B-6E2AE9041689}
		{D55CC184-5078-40F6-8C29-E73A5364A98C} = {C298AF5B-580B-47F5-B49B-6E2AE9041689}
		{858C6AAD-4A29-46BC-A57D-8600043ADEF0} = {C298AF5B-580B-47F5-B49B-6E2AE9041689}
	EndGlobalSection
EndGlobal
